
Microsoft Visual Studio Solution File, Format Version 12.00
# Visual Studio 15
VisualStudioVersion = 15.0.28010.2041
MinimumVisualStudioVersion = 10.0.40219.1
Project("{FAE04EC0-301F-11D3-BF4B-00C04F79EFBC}") = "Onwards", "Onwards\Onwards.csproj", "{530547BB-F350-4F23-A83E-FD59B5D16E0D}"
EndProject
Global
	GlobalSection(SolutionConfigurationPlatforms) = preSolution
		Debug|Any CPU = Debug|Any CPU
		Release|Any CPU = Release|Any CPU
	EndGlobalSection
	GlobalSection(ProjectConfigurationPlatforms) = postSolution
		{530547BB-F350-4F23-A83E-FD59B5D16E0D}.Debug|Any CPU.ActiveCfg = Debug|Any CPU
		{530547BB-F350-4F23-A83E-FD59B5D16E0D}.Debug|Any CPU.Build.0 = Debug|Any CPU
		{530547BB-F350-4F23-A83E-FD59B5D16E0D}.Release|Any CPU.ActiveCfg = Release|Any CPU
		{530547BB-F350-4F23-A83E-FD59B5D16E0D}.Release|Any CPU.Build.0 = Release|Any CPU
	EndGlobalSection
	GlobalSection(SolutionProperties) = preSolution
		HideSolutionNode = FALSE
	EndGlobalSection
	GlobalSection(ExtensibilityGlobals) = postSolution
		SolutionGuid = {5AA02B4E-EEF4-4FF6-A490-41B13C742A00}
	EndGlobalSection
EndGlobal
